
Microsoft Visual Studio Solution File, Format Version 12.00
# Visual Studio Version 17
VisualStudioVersion = 17.0.31903.59
MinimumVisualStudioVersion = 10.0.40219.1
Project("{FAE04EC0-301F-11D3-BF4B-00C04F79EFBC}") = "Cabeleleila.Domain", "Cabeleleila.Domain\Cabeleleila.Domain.csproj", "{CCCD618B-D367-4FA5-BB81-306D893BE49E}"
EndProject
Project("{FAE04EC0-301F-11D3-BF4B-00C04F79EFBC}") = "Cabeleleila.Repository", "Cabeleleila.Repository\Cabeleleila.Repository.csproj", "{D93AF735-5335-49C0-B903-954A46BB7419}"
EndProject
Project("{FAE04EC0-301F-11D3-BF4B-00C04F79EFBC}") = "Cabeleleila.WebAPI", "Cabeleleila.WebAPI\Cabeleleila.WebAPI.csproj", "{11E3217A-B650-4800-A738-8AAD96271B04}"
EndProject
Global
	GlobalSection(SolutionConfigurationPlatforms) = preSolution
		Debug|Any CPU = Debug|Any CPU
		Release|Any CPU = Release|Any CPU
	EndGlobalSection
	GlobalSection(SolutionProperties) = preSolution
		HideSolutionNode = FALSE
	EndGlobalSection
	GlobalSection(ProjectConfigurationPlatforms) = postSolution
		{CCCD618B-D367-4FA5-BB81-306D893BE49E}.Debug|Any CPU.ActiveCfg = Debug|Any CPU
		{CCCD618B-D367-4FA5-BB81-306D893BE49E}.Debug|Any CPU.Build.0 = Debug|Any CPU
		{CCCD618B-D367-4FA5-BB81-306D893BE49E}.Release|Any CPU.ActiveCfg = Release|Any CPU
		{CCCD618B-D367-4FA5-BB81-306D893BE49E}.Release|Any CPU.Build.0 = Release|Any CPU
		{D93AF735-5335-49C0-B903-954A46BB7419}.Debug|Any CPU.ActiveCfg = Debug|Any CPU
		{D93AF735-5335-49C0-B903-954A46BB7419}.Debug|Any CPU.Build.0 = Debug|Any CPU
		{D93AF735-5335-49C0-B903-954A46BB7419}.Release|Any CPU.ActiveCfg = Release|Any CPU
		{D93AF735-5335-49C0-B903-954A46BB7419}.Release|Any CPU.Build.0 = Release|Any CPU
		{11E3217A-B650-4800-A738-8AAD96271B04}.Debug|Any CPU.ActiveCfg = Debug|Any CPU
		{11E3217A-B650-4800-A738-8AAD96271B04}.Debug|Any CPU.Build.0 = Debug|Any CPU
		{11E3217A-B650-4800-A738-8AAD96271B04}.Release|Any CPU.ActiveCfg = Release|Any CPU
		{11E3217A-B650-4800-A738-8AAD96271B04}.Release|Any CPU.Build.0 = Release|Any CPU
	EndGlobalSection
EndGlobal
